// !$*UTF8*$!
{
	archiveVersion = 1;
	classes = {
	};
	objectVersion = 50;
	objects = {

/* Begin PBXBuildFile section */
		D4761308234D226300955C67 /* AppDelegate.swift in Sources */ = {isa = PBXBuildFile; fileRef = D4761307234D226300955C67 /* AppDelegate.swift */; };
		D476130A234D226300955C67 /* SceneDelegate.swift in Sources */ = {isa = PBXBuildFile; fileRef = D4761309234D226300955C67 /* SceneDelegate.swift */; };
		D476130C234D226300955C67 /* ViewController.swift in Sources */ = {isa = PBXBuildFile; fileRef = D476130B234D226300955C67 /* ViewController.swift */; };
		D476130F234D226300955C67 /* Main.storyboard in Resources */ = {isa = PBXBuildFile; fileRef = D476130D234D226300955C67 /* Main.storyboard */; };
		D4761312234D226300955C67 /* AllowanceCoreData.xcdatamodeld in Sources */ = {isa = PBXBuildFile; fileRef = D4761310234D226300955C67 /* AllowanceCoreData.xcdatamodeld */; };
		D4761314234D226600955C67 /* Assets.xcassets in Resources */ = {isa = PBXBuildFile; fileRef = D4761313234D226600955C67 /* Assets.xcassets */; };
		D4761317234D226600955C67 /* LaunchScreen.storyboard in Resources */ = {isa = PBXBuildFile; fileRef = D4761315234D226600955C67 /* LaunchScreen.storyboard */; };
/* End PBXBuildFile section */

/* Begin PBXFileReference section */
		D4761304234D226300955C67 /* AllowanceCoreData.app */ = {isa = PBXFileReference; explicitFileType = wrapper.application; includeInIndex = 0; path = AllowanceCoreData.app; sourceTree = BUILT_PRODUCTS_DIR; };
		D4761307234D226300955C67 /* AppDelegate.swift */ = {isa = PBXFileReference; lastKnownFileType = sourcecode.swift; path = AppDelegate.swift; sourceTree = "<group>"; };
		D4761309234D226300955C67 /* SceneDelegate.swift */ = {isa = PBXFileReference; lastKnownFileType = sourcecode.swift; path = SceneDelegate.swift; sourceTree = "<group>"; };
		D476130B234D226300955C67 /* ViewController.swift */ = {isa = PBXFileReference; lastKnownFileType = sourcecode.swift; path = ViewController.swift; sourceTree = "<group>"; };
		D476130E234D226300955C67 /* Base */ = {isa = PBXFileReference; lastKnownFileType = file.storyboard; name = Base; path = Base.lproj/Main.storyboard; sourceTree = "<group>"; };
		D4761311234D226300955C67 /* AllowanceCoreData.xcdatamodel */ = {isa = PBXFileReference; lastKnownFileType = wrapper.xcdatamodel; path = AllowanceCoreData.xcdatamodel; sourceTree = "<group>"; };
		D4761313234D226600955C67 /* Assets.xcassets */ = {isa = PBXFileReference; lastKnownFileType = folder.assetcatalog; path = Assets.xcassets; sourceTree = "<group>"; };
		D4761316234D226600955C67 /* Base */ = {isa = PBXFileReference; lastKnownFileType = file.storyboard; name = Base; path = Base.lproj/LaunchScreen.storyboard; sourceTree = "<group>"; };
		D4761318234D226600955C67 /* Info.plist */ = {isa = PBXFileReference; lastKnownFileType = text.plist.xml; path = Info.plist; sourceTree = "<group>"; };
/* End PBXFileReference section */

/* Begin PBXFrameworksBuildPhase section */
		D4761301234D226300955C67 /* Frameworks */ = {
			isa = PBXFrameworksBuildPhase;
			buildActionMask = 2147483647;
			files = (
			);
			runOnlyForDeploymentPostprocessing = 0;
		};
/* End PBXFrameworksBuildPhase section */

/* Begin PBXGroup section */
		D47612FB234D226300955C67 = {
			isa = PBXGroup;
			children = (
				D4761306234D226300955C67 /* AllowanceCoreData */,
				D4761305234D226300955C67 /* Products */,
			);
			sourceTree = "<group>";
		};
		D4761305234D226300955C67 /* Products */ = {
			isa = PBXGroup;
			children = (
				D4761304234D226300955C67 /* AllowanceCoreData.app */,
			);
			name = Products;
			sourceTree = "<group>";
		};
		D4761306234D226300955C67 /* AllowanceCoreData */ = {
			isa = PBXGroup;
			children = (
				D4761307234D226300955C67 /* AppDelegate.swift */,
				D4761309234D226300955C67 /* SceneDelegate.swift */,
				D476130B234D226300955C67 /* ViewController.swift */,
				D476130D234D226300955C67 /* Main.storyboard */,
				D4761313234D226600955C67 /* Assets.xcassets */,
				D4761315234D226600955C67 /* LaunchScreen.storyboard */,
				D4761318234D226600955C67 /* Info.plist */,
				D4761310234D226300955C67 /* AllowanceCoreData.xcdatamodeld */,
			);
			path = AllowanceCoreData;
			sourceTree = "<group>";
		};
/* End PBXGroup section */

/* Begin PBXNativeTarget section */
		D4761303234D226300955C67 /* AllowanceCoreData */ = {
			isa = PBXNativeTarget;
			buildConfigurationList = D476131B234D226600955C67 /* Build configuration list for PBXNativeTarget "AllowanceCoreData" */;
			buildPhases = (
				D4761300234D226300955C67 /* Sources */,
				D4761301234D226300955C67 /* Frameworks */,
				D4761302234D226300955C67 /* Resources */,
			);
			buildRules = (
			);
			dependencies = (
			);
			name = AllowanceCoreData;
			productName = AllowanceCoreData;
			productReference = D4761304234D226300955C67 /* AllowanceCoreData.app */;
			productType = "com.apple.product-type.application";
		};
/* End PBXNativeTarget section */

/* Begin PBXProject section */
		D47612FC234D226300955C67 /* Project object */ = {
			isa = PBXProject;
			attributes = {
				LastSwiftUpdateCheck = 1100;
				LastUpgradeCheck = 1100;
				ORGANIZATIONNAME = "Philip Taylor";
				TargetAttributes = {
					D4761303234D226300955C67 = {
						CreatedOnToolsVersion = 11.0;
					};
				};
			};
			buildConfigurationList = D47612FF234D226300955C67 /* Build configuration list for PBXProject "AllowanceCoreData" */;
			compatibilityVersion = "Xcode 9.3";
			developmentRegion = en;
			hasScannedForEncodings = 0;
			knownRegions = (
				en,
				Base,
			);
			mainGroup = D47612FB234D226300955C67;
			productRefGroup = D4761305234D226300955C67 /* Products */;
			projectDirPath = "";
			projectRoot = "";
			targets = (
				D4761303234D226300955C67 /* AllowanceCoreData */,
			);
		};
/* End PBXProject section */

/* Begin PBXResourcesBuildPhase section */
		D4761302234D226300955C67 /* Resources */ = {
			isa = PBXResourcesBuildPhase;
			buildActionMask = 2147483647;
			files = (
				D4761317234D226600955C67 /* LaunchScreen.storyboard in Resources */,
				D4761314234D226600955C67 /* Assets.xcassets in Resources */,
				D476130F234D226300955C67 /* Main.storyboard in Resources */,
			);
			runOnlyForDeploymentPostprocessing = 0;
		};
/* End PBXResourcesBuildPhase section */

/* Begin PBXSourcesBuildPhase section */
		D4761300234D226300955C67 /* Sources */ = {
			isa = PBXSourcesBuildPhase;
			buildActionMask = 2147483647;
			files = (
				D476130C234D226300955C67 /* ViewController.swift in Sources */,
				D4761308234D226300955C67 /* AppDelegate.swift in Sources */,
				D476130A234D226300955C67 /* SceneDelegate.swift in Sources */,
				D4761312234D226300955C67 /* AllowanceCoreData.xcdatamodeld in Sources */,
			);
			runOnlyForDeploymentPostprocessing = 0;
		};
/* End PBXSourcesBuildPhase section */

/* Begin PBXVariantGroup section */
		D476130D234D226300955C67 /* Main.storyboard */ = {
			isa = PBXVariantGroup;
			children = (
				D476130E234D226300955C67 /* Base */,
			);
			name = Main.storyboard;
			sourceTree = "<group>";
		};
		D4761315234D226600955C67 /* LaunchScreen.storyboard */ = {
			isa = PBXVariantGroup;
			children = (
				D4761316234D226600955C67 /* Base */,
			);
			name = LaunchScreen.storyboard;
			sourceTree = "<group>";
		};
/* End PBXVariantGroup section */

/* Begin XCBuildConfiguration section */
		D4761319234D226600955C67 /* Debug */ = {
			isa = XCBuildConfiguration;
			buildSettings = {
				ALWAYS_SEARCH_USER_PATHS = NO;
				CLANG_ANALYZER_NONNULL = YES;
				CLANG_ANALYZER_NUMBER_OBJECT_CONVERSION = YES_AGGRESSIVE;
				CLANG_CXX_LANGUAGE_STANDARD = "gnu++14";
				CLANG_CXX_LIBRARY = "libc++";
				CLANG_ENABLE_MODULES = YES;
				CLANG_ENABLE_OBJC_ARC = YES;
				CLANG_ENABLE_OBJC_WEAK = YES;
				CLANG_WARN_BLOCK_CAPTURE_AUTORELEASING = YES;
				CLANG_WARN_BOOL_CONVERSION = YES;
				CLANG_WARN_COMMA = YES;
				CLANG_WARN_CONSTANT_CONVERSION = YES;
				CLANG_WARN_DEPRECATED_OBJC_IMPLEMENTATIONS = YES;
				CLANG_WARN_DIRECT_OBJC_ISA_USAGE = YES_ERROR;
				CLANG_WARN_DOCUMENTATION_COMMENTS = YES;
				CLANG_WARN_EMPTY_BODY = YES;
				CLANG_WARN_ENUM_CONVERSION = YES;
				CLANG_WARN_INFINITE_RECURSION = YES;
				CLANG_WARN_INT_CONVERSION = YES;
				CLANG_WARN_NON_LITERAL_NULL_CONVERSION = YES;
				CLANG_WARN_OBJC_IMPLICIT_RETAIN_SELF = YES;
				CLANG_WARN_OBJC_LITERAL_CONVERSION = YES;
				CLANG_WARN_OBJC_ROOT_CLASS = YES_ERROR;
				CLANG_WARN_RANGE_LOOP_ANALYSIS = YES;
				CLANG_WARN_STRICT_PROTOTYPES = YES;
				CLANG_WARN_SUSPICIOUS_MOVE = YES;
				CLANG_WARN_UNGUARDED_AVAILABILITY = YES_AGGRESSIVE;
				CLANG_WARN_UNREACHABLE_CODE = YES;
				CLANG_WARN__DUPLICATE_METHOD_MATCH = YES;
				COPY_PHASE_STRIP = NO;
				DEBUG_INFORMATION_FORMAT = dwarf;
				ENABLE_STRICT_OBJC_MSGSEND = YES;
				ENABLE_TESTABILITY = YES;
				GCC_C_LANGUAGE_STANDARD = gnu11;
				GCC_DYNAMIC_NO_PIC = NO;
				GCC_NO_COMMON_BLOCKS = YES;
				GCC_OPTIMIZATION_LEVEL = 0;
				GCC_PREPROCESSOR_DEFINITIONS = (
					"DEBUG=1",
					"$(inherited)",
				);
				GCC_WARN_64_TO_32_BIT_CONVERSION = YES;
				GCC_WARN_ABOUT_RETURN_TYPE = YES_ERROR;
				GCC_WARN_UNDECLARED_SELECTOR = YES;
				GCC_WARN_UNINITIALIZED_AUTOS = YES_AGGRESSIVE;
				GCC_WARN_UNUSED_FUNCTION = YES;
				GCC_WARN_UNUSED_VARIABLE = YES;
				IPHONEOS_DEPLOYMENT_TARGET = 13.0;
				MTL_ENABLE_DEBUG_INFO = INCLUDE_SOURCE;
				MTL_FAST_MATH = YES;
				ONLY_ACTIVE_ARCH = YES;
				SDKROOT = iphoneos;
				SWIFT_ACTIVE_COMPILATION_CONDITIONS = DEBUG;
				SWIFT_OPTIMIZATION_LEVEL = "-Onone";
			};
			name = Debug;
		};
		D476131A234D226600955C67 /* Release */ = {
			isa = XCBuildConfiguration;
			buildSettings = {
				ALWAYS_SEARCH_USER_PATHS = NO;
				CLANG_ANALYZER_NONNULL = YES;
				CLANG_ANALYZER_NUMBER_OBJECT_CONVERSION = YES_AGGRESSIVE;
				CLANG_CXX_LANGUAGE_STANDARD = "gnu++14";
				CLANG_CXX_LIBRARY = "libc++";
				CLANG_ENABLE_MODULES = YES;
				CLANG_ENABLE_OBJC_ARC = YES;
				CLANG_ENABLE_OBJC_WEAK = YES;
				CLANG_WARN_BLOCK_CAPTURE_AUTORELEASING = YES;
				CLANG_WARN_BOOL_CONVERSION = YES;
				CLANG_WARN_COMMA = YES;
				CLANG_WARN_CONSTANT_CONVERSION = YES;
				CLANG_WARN_DEPRECATED_OBJC_IMPLEMENTATIONS = YES;
				CLANG_WARN_DIRECT_OBJC_ISA_USAGE = YES_ERROR;
				CLANG_WARN_DOCUMENTATION_COMMENTS = YES;
				CLANG_WARN_EMPTY_BODY = YES;
				CLANG_WARN_ENUM_CONVERSION = YES;
				CLANG_WARN_INFINITE_RECURSION = YES;
				CLANG_WARN_INT_CONVERSION = YES;
				CLANG_WARN_NON_LITERAL_NULL_CONVERSION = YES;
				CLANG_WARN_OBJC_IMPLICIT_RETAIN_SELF = YES;
				CLANG_WARN_OBJC_LITERAL_CONVERSION = YES;
				CLANG_WARN_OBJC_ROOT_CLASS = YES_ERROR;
				CLANG_WARN_RANGE_LOOP_ANALYSIS = YES;
				CLANG_WARN_STRICT_PROTOTYPES = YES;
				CLANG_WARN_SUSPICIOUS_MOVE = YES;
				CLANG_WARN_UNGUARDED_AVAILABILITY = YES_AGGRESSIVE;
				CLANG_WARN_UNREACHABLE_CODE = YES;
				CLANG_WARN__DUPLICATE_METHOD_MATCH = YES;
				COPY_PHASE_STRIP = NO;
				DEBUG_INFORMATION_FORMAT = "dwarf-with-dsym";
				ENABLE_NS_ASSERTIONS = NO;
				ENABLE_STRICT_OBJC_MSGSEND = YES;
				GCC_C_LANGUAGE_STANDARD = gnu11;
				GCC_NO_COMMON_BLOCKS = YES;
				GCC_WARN_64_TO_32_BIT_CONVERSION = YES;
				GCC_WARN_ABOUT_RETURN_TYPE = YES_ERROR;
				GCC_WARN_UNDECLARED_SELECTOR = YES;
				GCC_WARN_UNINITIALIZED_AUTOS = YES_AGGRESSIVE;
				GCC_WARN_UNUSED_FUNCTION = YES;
				GCC_WARN_UNUSED_VARIABLE = YES;
				IPHONEOS_DEPLOYMENT_TARGET = 13.0;
				MTL_ENABLE_DEBUG_INFO = NO;
				MTL_FAST_MATH = YES;
				SDKROOT = iphoneos;
				SWIFT_COMPILATION_MODE = wholemodule;
				SWIFT_OPTIMIZATION_LEVEL = "-O";
				VALIDATE_PRODUCT = YES;
			};
			name = Release;
		};
		D476131C234D226600955C67 /* Debug */ = {
			isa = XCBuildConfiguration;
			buildSettings = {
				ASSETCATALOG_COMPILER_APPICON_NAME = AppIcon;
				CODE_SIGN_STYLE = Automatic;
				DEVELOPMENT_TEAM = 2495QZHZH5;
				INFOPLIST_FILE = AllowanceCoreData/Info.plist;
				LD_RUNPATH_SEARCH_PATHS = (
					"$(inherited)",
					"@executable_path/Frameworks",
				);
				PRODUCT_BUNDLE_IDENTIFIER = org.trojancs.AllowanceCoreData;
				PRODUCT_NAME = "$(TARGET_NAME)";
				SWIFT_VERSION = 5.0;
				TARGETED_DEVICE_FAMILY = "1,2";
			};
			name = Debug;
		};
		D476131D234D226600955C67 /* Release */ = {
			isa = XCBuildConfiguration;
			buildSettings = {
				ASSETCATALOG_COMPILER_APPICON_NAME = AppIcon;
				CODE_SIGN_STYLE = Automatic;
				DEVELOPMENT_TEAM = 2495QZHZH5;
				INFOPLIST_FILE = AllowanceCoreData/Info.plist;
				LD_RUNPATH_SEARCH_PATHS = (
					"$(inherited)",
					"@executable_path/Frameworks",
				);
				PRODUCT_BUNDLE_IDENTIFIER = org.trojancs.AllowanceCoreData;
				PRODUCT_NAME = "$(TARGET_NAME)";
				SWIFT_VERSION = 5.0;
				TARGETED_DEVICE_FAMILY = "1,2";
			};
			name = Release;
		};
/* End XCBuildConfiguration section */

/* Begin XCConfigurationList section */
		D47612FF234D226300955C67 /* Build configuration list for PBXProject "AllowanceCoreData" */ = {
			isa = XCConfigurationList;
			buildConfigurations = (
				D4761319234D226600955C67 /* Debug */,
				D476131A234D226600955C67 /* Release */,
			);
			defaultConfigurationIsVisible = 0;
			defaultConfigurationName = Release;
		};
		D476131B234D226600955C67 /* Build configuration list for PBXNativeTarget "AllowanceCoreData" */ = {
			isa = XCConfigurationList;
			buildConfigurations = (
				D476131C234D226600955C67 /* Debug */,
				D476131D234D226600955C67 /* Release */,
			);
			defaultConfigurationIsVisible = 0;
			defaultConfigurationName = Release;
		};
/* End XCConfigurationList section */

/* Begin XCVersionGroup section */
		D4761310234D226300955C67 /* AllowanceCoreData.xcdatamodeld */ = {
			isa = XCVersionGroup;
			children = (
				D4761311234D226300955C67 /* AllowanceCoreData.xcdatamodel */,
			);
			currentVersion = D4761311234D226300955C67 /* AllowanceCoreData.xcdatamodel */;
			path = AllowanceCoreData.xcdatamodeld;
			sourceTree = "<group>";
			versionGroupType = wrapper.xcdatamodel;
		};
/* End XCVersionGroup section */
	};
	rootObject = D47612FC234D226300955C67 /* Project object */;
}
